
Microsoft Visual Studio Solution File, Format Version 11.00
# Visual Studio 2010
Project("{FAE04EC0-301F-11D3-BF4B-00C04F79EFBC}") = "ExerciseApp", "ExerciseApp\ExerciseApp.csproj", "{D00A34FA-884F-4020-A6C8-97BB4E7FFBF8}"
EndProject
Project("{FAE04EC0-301F-11D3-BF4B-00C04F79EFBC}") = "SQLClassLibrary", "SQLClassLibrary\SQLClassLibrary.csproj", "{952CF6FE-33A2-45AE-B751-92F6D76CCA43}"
EndProject
Project("{FAE04EC0-301F-11D3-BF4B-00C04F79EFBC}") = "SaoLeiAPP", "SaoLeiAPP\SaoLeiAPP.csproj", "{BEAAC22A-6860-4623-9839-6C775A6CB197}"
EndProject
Project("{FAE04EC0-301F-11D3-BF4B-00C04F79EFBC}") = "WindowsFormsApplication1", "WindowsFormsApplication1\WindowsFormsApplication1.csproj", "{F05C81FE-3032-427A-A68E-F03FC9DC7826}"
EndProject
Global
	GlobalSection(SolutionConfigurationPlatforms) = preSolution
		Debug|Any CPU = Debug|Any CPU
		Debug|Mixed Platforms = Debug|Mixed Platforms
		Debug|x86 = Debug|x86
		Release|Any CPU = Release|Any CPU
		Release|Mixed Platforms = Release|Mixed Platforms
		Release|x86 = Release|x86
	EndGlobalSection
	GlobalSection(ProjectConfigurationPlatforms) = postSolution
		{D00A34FA-884F-4020-A6C8-97BB4E7FFBF8}.Debug|Any CPU.ActiveCfg = Debug|x86
		{D00A34FA-884F-4020-A6C8-97BB4E7FFBF8}.Debug|Mixed Platforms.ActiveCfg = Debug|x86
		{D00A34FA-884F-4020-A6C8-97BB4E7FFBF8}.Debug|Mixed Platforms.Build.0 = Debug|x86
		{D00A34FA-884F-4020-A6C8-97BB4E7FFBF8}.Debug|x86.ActiveCfg = Debug|x86
		{D00A34FA-884F-4020-A6C8-97BB4E7FFBF8}.Debug|x86.Build.0 = Debug|x86
		{D00A34FA-884F-4020-A6C8-97BB4E7FFBF8}.Release|Any CPU.ActiveCfg = Release|x86
		{D00A34FA-884F-4020-A6C8-97BB4E7FFBF8}.Release|Mixed Platforms.ActiveCfg = Release|x86
		{D00A34FA-884F-4020-A6C8-97BB4E7FFBF8}.Release|Mixed Platforms.Build.0 = Release|x86
		{D00A34FA-884F-4020-A6C8-97BB4E7FFBF8}.Release|x86.ActiveCfg = Release|x86
		{D00A34FA-884F-4020-A6C8-97BB4E7FFBF8}.Release|x86.Build.0 = Release|x86
		{952CF6FE-33A2-45AE-B751-92F6D76CCA43}.Debug|Any CPU.ActiveCfg = Debug|Any CPU
		{952CF6FE-33A2-45AE-B751-92F6D76CCA43}.Debug|Any CPU.Build.0 = Debug|Any CPU
		{952CF6FE-33A2-45AE-B751-92F6D76CCA43}.Debug|Mixed Platforms.ActiveCfg = Debug|Any CPU
		{952CF6FE-33A2-45AE-B751-92F6D76CCA43}.Debug|Mixed Platforms.Build.0 = Debug|Any CPU
		{952CF6FE-33A2-45AE-B751-92F6D76CCA43}.Debug|x86.ActiveCfg = Debug|Any CPU
		{952CF6FE-33A2-45AE-B751-92F6D76CCA43}.Release|Any CPU.ActiveCfg = Release|Any CPU
		{952CF6FE-33A2-45AE-B751-92F6D76CCA43}.Release|Any CPU.Build.0 = Release|Any CPU
		{952CF6FE-33A2-45AE-B751-92F6D76CCA43}.Release|Mixed Platforms.ActiveCfg = Release|Any CPU
		{952CF6FE-33A2-45AE-B751-92F6D76CCA43}.Release|Mixed Platforms.Build.0 = Release|Any CPU
		{952CF6FE-33A2-45AE-B751-92F6D76CCA43}.Release|x86.ActiveCfg = Release|Any CPU
		{BEAAC22A-6860-4623-9839-6C775A6CB197}.Debug|Any CPU.ActiveCfg = Debug|x86
		{BEAAC22A-6860-4623-9839-6C775A6CB197}.Debug|Mixed Platforms.ActiveCfg = Debug|x86
		{BEAAC22A-6860-4623-9839-6C775A6CB197}.Debug|Mixed Platforms.Build.0 = Debug|x86
		{BEAAC22A-6860-4623-9839-6C775A6CB197}.Debug|x86.ActiveCfg = Debug|x86
		{BEAAC22A-6860-4623-9839-6C775A6CB197}.Debug|x86.Build.0 = Debug|x86
		{BEAAC22A-6860-4623-9839-6C775A6CB197}.Release|Any CPU.ActiveCfg = Release|x86
		{BEAAC22A-6860-4623-9839-6C775A6CB197}.Release|Mixed Platforms.ActiveCfg = Release|x86
		{BEAAC22A-6860-4623-9839-6C775A6CB197}.Release|Mixed Platforms.Build.0 = Release|x86
		{BEAAC22A-6860-4623-9839-6C775A6CB197}.Release|x86.ActiveCfg = Release|x86
		{BEAAC22A-6860-4623-9839-6C775A6CB197}.Release|x86.Build.0 = Release|x86
		{F05C81FE-3032-427A-A68E-F03FC9DC7826}.Debug|Any CPU.ActiveCfg = Debug|x86
		{F05C81FE-3032-427A-A68E-F03FC9DC7826}.Debug|Mixed Platforms.ActiveCfg = Debug|x86
		{F05C81FE-3032-427A-A68E-F03FC9DC7826}.Debug|Mixed Platforms.Build.0 = Debug|x86
		{F05C81FE-3032-427A-A68E-F03FC9DC7826}.Debug|x86.ActiveCfg = Debug|x86
		{F05C81FE-3032-427A-A68E-F03FC9DC7826}.Debug|x86.Build.0 = Debug|x86
		{F05C81FE-3032-427A-A68E-F03FC9DC7826}.Release|Any CPU.ActiveCfg = Release|x86
		{F05C81FE-3032-427A-A68E-F03FC9DC7826}.Release|Mixed Platforms.ActiveCfg = Release|x86
		{F05C81FE-3032-427A-A68E-F03FC9DC7826}.Release|Mixed Platforms.Build.0 = Release|x86
		{F05C81FE-3032-427A-A68E-F03FC9DC7826}.Release|x86.ActiveCfg = Release|x86
		{F05C81FE-3032-427A-A68E-F03FC9DC7826}.Release|x86.Build.0 = Release|x86
	EndGlobalSection
	GlobalSection(SolutionProperties) = preSolution
		HideSolutionNode = FALSE
	EndGlobalSection
EndGlobal
